// !$*UTF8*$!
{
	archiveVersion = 1;
	classes = {
	};
	objectVersion = 46;
	objects = {

/* Begin PBXBuildFile section */
		46140F681BA90CC900E8CCD2 /* AppDelegate.swift in Sources */ = {isa = PBXBuildFile; fileRef = 46140F671BA90CC900E8CCD2 /* AppDelegate.swift */; };
		46140F6B1BA90CC900E8CCD2 /* PaletV2.xcdatamodeld in Sources */ = {isa = PBXBuildFile; fileRef = 46140F691BA90CC900E8CCD2 /* PaletV2.xcdatamodeld */; };
		46140F6D1BA90CC900E8CCD2 /* ViewController.swift in Sources */ = {isa = PBXBuildFile; fileRef = 46140F6C1BA90CC900E8CCD2 /* ViewController.swift */; };
		46140F701BA90CC900E8CCD2 /* Main.storyboard in Resources */ = {isa = PBXBuildFile; fileRef = 46140F6E1BA90CC900E8CCD2 /* Main.storyboard */; };
		46140F721BA90CC900E8CCD2 /* Images.xcassets in Resources */ = {isa = PBXBuildFile; fileRef = 46140F711BA90CC900E8CCD2 /* Images.xcassets */; };
		46140F751BA90CC900E8CCD2 /* LaunchScreen.xib in Resources */ = {isa = PBXBuildFile; fileRef = 46140F731BA90CC900E8CCD2 /* LaunchScreen.xib */; };
		46140F811BA90CC900E8CCD2 /* PaletV2Tests.swift in Sources */ = {isa = PBXBuildFile; fileRef = 46140F801BA90CC900E8CCD2 /* PaletV2Tests.swift */; };
/* End PBXBuildFile section */

/* Begin PBXContainerItemProxy section */
		46140F7B1BA90CC900E8CCD2 /* PBXContainerItemProxy */ = {
			isa = PBXContainerItemProxy;
			containerPortal = 46140F5A1BA90CC900E8CCD2 /* Project object */;
			proxyType = 1;
			remoteGlobalIDString = 46140F611BA90CC900E8CCD2;
			remoteInfo = PaletV2;
		};
/* End PBXContainerItemProxy section */

/* Begin PBXFileReference section */
		46140F621BA90CC900E8CCD2 /* PaletV2.app */ = {isa = PBXFileReference; explicitFileType = wrapper.application; includeInIndex = 0; path = PaletV2.app; sourceTree = BUILT_PRODUCTS_DIR; };
		46140F661BA90CC900E8CCD2 /* Info.plist */ = {isa = PBXFileReference; lastKnownFileType = text.plist.xml; path = Info.plist; sourceTree = "<group>"; };
		46140F671BA90CC900E8CCD2 /* AppDelegate.swift */ = {isa = PBXFileReference; lastKnownFileType = sourcecode.swift; path = AppDelegate.swift; sourceTree = "<group>"; };
		46140F6A1BA90CC900E8CCD2 /* PaletV2.xcdatamodel */ = {isa = PBXFileReference; lastKnownFileType = wrapper.xcdatamodel; path = PaletV2.xcdatamodel; sourceTree = "<group>"; };
		46140F6C1BA90CC900E8CCD2 /* ViewController.swift */ = {isa = PBXFileReference; lastKnownFileType = sourcecode.swift; path = ViewController.swift; sourceTree = "<group>"; };
		46140F6F1BA90CC900E8CCD2 /* Base */ = {isa = PBXFileReference; lastKnownFileType = file.storyboard; name = Base; path = Base.lproj/Main.storyboard; sourceTree = "<group>"; };
		46140F711BA90CC900E8CCD2 /* Images.xcassets */ = {isa = PBXFileReference; lastKnownFileType = folder.assetcatalog; path = Images.xcassets; sourceTree = "<group>"; };
		46140F741BA90CC900E8CCD2 /* Base */ = {isa = PBXFileReference; lastKnownFileType = file.xib; name = Base; path = Base.lproj/LaunchScreen.xib; sourceTree = "<group>"; };
		46140F7A1BA90CC900E8CCD2 /* PaletV2Tests.xctest */ = {isa = PBXFileReference; explicitFileType = wrapper.cfbundle; includeInIndex = 0; path = PaletV2Tests.xctest; sourceTree = BUILT_PRODUCTS_DIR; };
		46140F7F1BA90CC900E8CCD2 /* Info.plist */ = {isa = PBXFileReference; lastKnownFileType = text.plist.xml; path = Info.plist; sourceTree = "<group>"; };
		46140F801BA90CC900E8CCD2 /* PaletV2Tests.swift */ = {isa = PBXFileReference; lastKnownFileType = sourcecode.swift; path = PaletV2Tests.swift; sourceTree = "<group>"; };
/* End PBXFileReference section */

/* Begin PBXFrameworksBuildPhase section */
		46140F5F1BA90CC900E8CCD2 /* Frameworks */ = {
			isa = PBXFrameworksBuildPhase;
			buildActionMask = 2147483647;
			files = (
			);
			runOnlyForDeploymentPostprocessing = 0;
		};
		46140F771BA90CC900E8CCD2 /* Frameworks */ = {
			isa = PBXFrameworksBuildPhase;
			buildActionMask = 2147483647;
			files = (
			);
			runOnlyForDeploymentPostprocessing = 0;
		};
/* End PBXFrameworksBuildPhase section */

/* Begin PBXGroup section */
		46140F591BA90CC900E8CCD2 = {
			isa = PBXGroup;
			children = (
				46140F641BA90CC900E8CCD2 /* PaletV2 */,
				46140F7D1BA90CC900E8CCD2 /* PaletV2Tests */,
				46140F631BA90CC900E8CCD2 /* Products */,
			);
			sourceTree = "<group>";
		};
		46140F631BA90CC900E8CCD2 /* Products */ = {
			isa = PBXGroup;
			children = (
				46140F621BA90CC900E8CCD2 /* PaletV2.app */,
				46140F7A1BA90CC900E8CCD2 /* PaletV2Tests.xctest */,
			);
			name = Products;
			sourceTree = "<group>";
		};
		46140F641BA90CC900E8CCD2 /* PaletV2 */ = {
			isa = PBXGroup;
			children = (
				46140F671BA90CC900E8CCD2 /* AppDelegate.swift */,
				46140F6C1BA90CC900E8CCD2 /* ViewController.swift */,
				46140F6E1BA90CC900E8CCD2 /* Main.storyboard */,
				46140F711BA90CC900E8CCD2 /* Images.xcassets */,
				46140F731BA90CC900E8CCD2 /* LaunchScreen.xib */,
				46140F691BA90CC900E8CCD2 /* PaletV2.xcdatamodeld */,
				46140F651BA90CC900E8CCD2 /* Supporting Files */,
			);
			path = PaletV2;
			sourceTree = "<group>";
		};
		46140F651BA90CC900E8CCD2 /* Supporting Files */ = {
			isa = PBXGroup;
			children = (
				46140F661BA90CC900E8CCD2 /* Info.plist */,
			);
			name = "Supporting Files";
			sourceTree = "<group>";
		};
		46140F7D1BA90CC900E8CCD2 /* PaletV2Tests */ = {
			isa = PBXGroup;
			children = (
				46140F801BA90CC900E8CCD2 /* PaletV2Tests.swift */,
				46140F7E1BA90CC900E8CCD2 /* Supporting Files */,
			);
			path = PaletV2Tests;
			sourceTree = "<group>";
		};
		46140F7E1BA90CC900E8CCD2 /* Supporting Files */ = {
			isa = PBXGroup;
			children = (
				46140F7F1BA90CC900E8CCD2 /* Info.plist */,
			);
			name = "Supporting Files";
			sourceTree = "<group>";
		};
/* End PBXGroup section */

/* Begin PBXNativeTarget section */
		46140F611BA90CC900E8CCD2 /* PaletV2 */ = {
			isa = PBXNativeTarget;
			buildConfigurationList = 46140F841BA90CC900E8CCD2 /* Build configuration list for PBXNativeTarget "PaletV2" */;
			buildPhases = (
				46140F5E1BA90CC900E8CCD2 /* Sources */,
				46140F5F1BA90CC900E8CCD2 /* Frameworks */,
				46140F601BA90CC900E8CCD2 /* Resources */,
			);
			buildRules = (
			);
			dependencies = (
			);
			name = PaletV2;
			productName = PaletV2;
			productReference = 46140F621BA90CC900E8CCD2 /* PaletV2.app */;
			productType = "com.apple.product-type.application";
		};
		46140F791BA90CC900E8CCD2 /* PaletV2Tests */ = {
			isa = PBXNativeTarget;
			buildConfigurationList = 46140F871BA90CC900E8CCD2 /* Build configuration list for PBXNativeTarget "PaletV2Tests" */;
			buildPhases = (
				46140F761BA90CC900E8CCD2 /* Sources */,
				46140F771BA90CC900E8CCD2 /* Frameworks */,
				46140F781BA90CC900E8CCD2 /* Resources */,
			);
			buildRules = (
			);
			dependencies = (
				46140F7C1BA90CC900E8CCD2 /* PBXTargetDependency */,
			);
			name = PaletV2Tests;
			productName = PaletV2Tests;
			productReference = 46140F7A1BA90CC900E8CCD2 /* PaletV2Tests.xctest */;
			productType = "com.apple.product-type.bundle.unit-test";
		};
/* End PBXNativeTarget section */

/* Begin PBXProject section */
		46140F5A1BA90CC900E8CCD2 /* Project object */ = {
			isa = PBXProject;
			attributes = {
				LastUpgradeCheck = 0640;
				ORGANIZATIONNAME = "Alex Harrison";
				TargetAttributes = {
					46140F611BA90CC900E8CCD2 = {
						CreatedOnToolsVersion = 6.4;
					};
					46140F791BA90CC900E8CCD2 = {
						CreatedOnToolsVersion = 6.4;
						TestTargetID = 46140F611BA90CC900E8CCD2;
					};
				};
			};
			buildConfigurationList = 46140F5D1BA90CC900E8CCD2 /* Build configuration list for PBXProject "PaletV2" */;
			compatibilityVersion = "Xcode 3.2";
			developmentRegion = English;
			hasScannedForEncodings = 0;
			knownRegions = (
				en,
				Base,
			);
			mainGroup = 46140F591BA90CC900E8CCD2;
			productRefGroup = 46140F631BA90CC900E8CCD2 /* Products */;
			projectDirPath = "";
			projectRoot = "";
			targets = (
				46140F611BA90CC900E8CCD2 /* PaletV2 */,
				46140F791BA90CC900E8CCD2 /* PaletV2Tests */,
			);
		};
/* End PBXProject section */

/* Begin PBXResourcesBuildPhase section */
		46140F601BA90CC900E8CCD2 /* Resources */ = {
			isa = PBXResourcesBuildPhase;
			buildActionMask = 2147483647;
			files = (
				46140F701BA90CC900E8CCD2 /* Main.storyboard in Resources */,
				46140F751BA90CC900E8CCD2 /* LaunchScreen.xib in Resources */,
				46140F721BA90CC900E8CCD2 /* Images.xcassets in Resources */,
			);
			runOnlyForDeploymentPostprocessing = 0;
		};
		46140F781BA90CC900E8CCD2 /* Resources */ = {
			isa = PBXResourcesBuildPhase;
			buildActionMask = 2147483647;
			files = (
			);
			runOnlyForDeploymentPostprocessing = 0;
		};
/* End PBXResourcesBuildPhase section */

/* Begin PBXSourcesBuildPhase section */
		46140F5E1BA90CC900E8CCD2 /* Sources */ = {
			isa = PBXSourcesBuildPhase;
			buildActionMask = 2147483647;
			files = (
				46140F6D1BA90CC900E8CCD2 /* ViewController.swift in Sources */,
				46140F6B1BA90CC900E8CCD2 /* PaletV2.xcdatamodeld in Sources */,
				46140F681BA90CC900E8CCD2 /* AppDelegate.swift in Sources */,
			);
			runOnlyForDeploymentPostprocessing = 0;
		};
		46140F761BA90CC900E8CCD2 /* Sources */ = {
			isa = PBXSourcesBuildPhase;
			buildActionMask = 2147483647;
			files = (
				46140F811BA90CC900E8CCD2 /* PaletV2Tests.swift in Sources */,
			);
			runOnlyForDeploymentPostprocessing = 0;
		};
/* End PBXSourcesBuildPhase section */

/* Begin PBXTargetDependency section */
		46140F7C1BA90CC900E8CCD2 /* PBXTargetDependency */ = {
			isa = PBXTargetDependency;
			target = 46140F611BA90CC900E8CCD2 /* PaletV2 */;
			targetProxy = 46140F7B1BA90CC900E8CCD2 /* PBXContainerItemProxy */;
		};
/* End PBXTargetDependency section */

/* Begin PBXVariantGroup section */
		46140F6E1BA90CC900E8CCD2 /* Main.storyboard */ = {
			isa = PBXVariantGroup;
			children = (
				46140F6F1BA90CC900E8CCD2 /* Base */,
			);
			name = Main.storyboard;
			sourceTree = "<group>";
		};
		46140F731BA90CC900E8CCD2 /* LaunchScreen.xib */ = {
			isa = PBXVariantGroup;
			children = (
				46140F741BA90CC900E8CCD2 /* Base */,
			);
			name = LaunchScreen.xib;
			sourceTree = "<group>";
		};
/* End PBXVariantGroup section */

/* Begin XCBuildConfiguration section */
		46140F821BA90CC900E8CCD2 /* Debug */ = {
			isa = XCBuildConfiguration;
			buildSettings = {
				ALWAYS_SEARCH_USER_PATHS = NO;
				CLANG_CXX_LANGUAGE_STANDARD = "gnu++0x";
				CLANG_CXX_LIBRARY = "libc++";
				CLANG_ENABLE_MODULES = YES;
				CLANG_ENABLE_OBJC_ARC = YES;
				CLANG_WARN_BOOL_CONVERSION = YES;
				CLANG_WARN_CONSTANT_CONVERSION = YES;
				CLANG_WARN_DIRECT_OBJC_ISA_USAGE = YES_ERROR;
				CLANG_WARN_EMPTY_BODY = YES;
				CLANG_WARN_ENUM_CONVERSION = YES;
				CLANG_WARN_INT_CONVERSION = YES;
				CLANG_WARN_OBJC_ROOT_CLASS = YES_ERROR;
				CLANG_WARN_UNREACHABLE_CODE = YES;
				CLANG_WARN__DUPLICATE_METHOD_MATCH = YES;
				"CODE_SIGN_IDENTITY[sdk=iphoneos*]" = "iPhone Developer";
				COPY_PHASE_STRIP = NO;
				DEBUG_INFORMATION_FORMAT = "dwarf-with-dsym";
				ENABLE_STRICT_OBJC_MSGSEND = YES;
				GCC_C_LANGUAGE_STANDARD = gnu99;
				GCC_DYNAMIC_NO_PIC = NO;
				GCC_NO_COMMON_BLOCKS = YES;
				GCC_OPTIMIZATION_LEVEL = 0;
				GCC_PREPROCESSOR_DEFINITIONS = (
					"DEBUG=1",
					"$(inherited)",
				);
				GCC_SYMBOLS_PRIVATE_EXTERN = NO;
				GCC_WARN_64_TO_32_BIT_CONVERSION = YES;
				GCC_WARN_ABOUT_RETURN_TYPE = YES_ERROR;
				GCC_WARN_UNDECLARED_SELECTOR = YES;
				GCC_WARN_UNINITIALIZED_AUTOS = YES_AGGRESSIVE;
				GCC_WARN_UNUSED_FUNCTION = YES;
				GCC_WARN_UNUSED_VARIABLE = YES;
				IPHONEOS_DEPLOYMENT_TARGET = 8.4;
				MTL_ENABLE_DEBUG_INFO = YES;
				ONLY_ACTIVE_ARCH = YES;
				SDKROOT = iphoneos;
				SWIFT_OPTIMIZATION_LEVEL = "-Onone";
				TARGETED_DEVICE_FAMILY = "1,2";
			};
			name = Debug;
		};
		46140F831BA90CC900E8CCD2 /* Release */ = {
			isa = XCBuildConfiguration;
			buildSettings = {
				ALWAYS_SEARCH_USER_PATHS = NO;
				CLANG_CXX_LANGUAGE_STANDARD = "gnu++0x";
				CLANG_CXX_LIBRARY = "libc++";
				CLANG_ENABLE_MODULES = YES;
				CLANG_ENABLE_OBJC_ARC = YES;
				CLANG_WARN_BOOL_CONVERSION = YES;
				CLANG_WARN_CONSTANT_CONVERSION = YES;
				CLANG_WARN_DIRECT_OBJC_ISA_USAGE = YES_ERROR;
				CLANG_WARN_EMPTY_BODY = YES;
				CLANG_WARN_ENUM_CONVERSION = YES;
				CLANG_WARN_INT_CONVERSION = YES;
				CLANG_WARN_OBJC_ROOT_CLASS = YES_ERROR;
				CLANG_WARN_UNREACHABLE_CODE = YES;
				CLANG_WARN__DUPLICATE_METHOD_MATCH = YES;
				"CODE_SIGN_IDENTITY[sdk=iphoneos*]" = "iPhone Developer";
				COPY_PHASE_STRIP = NO;
				DEBUG_INFORMATION_FORMAT = "dwarf-with-dsym";
				ENABLE_NS_ASSERTIONS = NO;
				ENABLE_STRICT_OBJC_MSGSEND = YES;
				GCC_C_LANGUAGE_STANDARD = gnu99;
				GCC_NO_COMMON_BLOCKS = YES;
				GCC_WARN_64_TO_32_BIT_CONVERSION = YES;
				GCC_WARN_ABOUT_RETURN_TYPE = YES_ERROR;
				GCC_WARN_UNDECLARED_SELECTOR = YES;
				GCC_WARN_UNINITIALIZED_AUTOS = YES_AGGRESSIVE;
				GCC_WARN_UNUSED_FUNCTION = YES;
				GCC_WARN_UNUSED_VARIABLE = YES;
				IPHONEOS_DEPLOYMENT_TARGET = 8.4;
				MTL_ENABLE_DEBUG_INFO = NO;
				SDKROOT = iphoneos;
				TARGETED_DEVICE_FAMILY = "1,2";
				VALIDATE_PRODUCT = YES;
			};
			name = Release;
		};
		46140F851BA90CC900E8CCD2 /* Debug */ = {
			isa = XCBuildConfiguration;
			buildSettings = {
				ASSETCATALOG_COMPILER_APPICON_NAME = AppIcon;
				INFOPLIST_FILE = PaletV2/Info.plist;
				LD_RUNPATH_SEARCH_PATHS = "$(inherited) @executable_path/Frameworks";
				PRODUCT_NAME = "$(TARGET_NAME)";
			};
			name = Debug;
		};
		46140F861BA90CC900E8CCD2 /* Release */ = {
			isa = XCBuildConfiguration;
			buildSettings = {
				ASSETCATALOG_COMPILER_APPICON_NAME = AppIcon;
				INFOPLIST_FILE = PaletV2/Info.plist;
				LD_RUNPATH_SEARCH_PATHS = "$(inherited) @executable_path/Frameworks";
				PRODUCT_NAME = "$(TARGET_NAME)";
			};
			name = Release;
		};
		46140F881BA90CC900E8CCD2 /* Debug */ = {
			isa = XCBuildConfiguration;
			buildSettings = {
				BUNDLE_LOADER = "$(TEST_HOST)";
				FRAMEWORK_SEARCH_PATHS = (
					"$(SDKROOT)/Developer/Library/Frameworks",
					"$(inherited)",
				);
				GCC_PREPROCESSOR_DEFINITIONS = (
					"DEBUG=1",
					"$(inherited)",
				);
				INFOPLIST_FILE = PaletV2Tests/Info.plist;
				LD_RUNPATH_SEARCH_PATHS = "$(inherited) @executable_path/Frameworks @loader_path/Frameworks";
				PRODUCT_NAME = "$(TARGET_NAME)";
				TEST_HOST = "$(BUILT_PRODUCTS_DIR)/PaletV2.app/PaletV2";
			};
			name = Debug;
		};
		46140F891BA90CC900E8CCD2 /* Release */ = {
			isa = XCBuildConfiguration;
			buildSettings = {
				BUNDLE_LOADER = "$(TEST_HOST)";
				FRAMEWORK_SEARCH_PATHS = (
					"$(SDKROOT)/Developer/Library/Frameworks",
					"$(inherited)",
				);
				INFOPLIST_FILE = PaletV2Tests/Info.plist;
				LD_RUNPATH_SEARCH_PATHS = "$(inherited) @executable_path/Frameworks @loader_path/Frameworks";
				PRODUCT_NAME = "$(TARGET_NAME)";
				TEST_HOST = "$(BUILT_PRODUCTS_DIR)/PaletV2.app/PaletV2";
			};
			name = Release;
		};
/* End XCBuildConfiguration section */

/* Begin XCConfigurationList section */
		46140F5D1BA90CC900E8CCD2 /* Build configuration list for PBXProject "PaletV2" */ = {
			isa = XCConfigurationList;
			buildConfigurations = (
				46140F821BA90CC900E8CCD2 /* Debug */,
				46140F831BA90CC900E8CCD2 /* Release */,
			);
			defaultConfigurationIsVisible = 0;
			defaultConfigurationName = Release;
		};
		46140F841BA90CC900E8CCD2 /* Build configuration list for PBXNativeTarget "PaletV2" */ = {
			isa = XCConfigurationList;
			buildConfigurations = (
				46140F851BA90CC900E8CCD2 /* Debug */,
				46140F861BA90CC900E8CCD2 /* Release */,
			);
			defaultConfigurationIsVisible = 0;
		};
		46140F871BA90CC900E8CCD2 /* Build configuration list for PBXNativeTarget "PaletV2Tests" */ = {
			isa = XCConfigurationList;
			buildConfigurations = (
				46140F881BA90CC900E8CCD2 /* Debug */,
				46140F891BA90CC900E8CCD2 /* Release */,
			);
			defaultConfigurationIsVisible = 0;
		};
/* End XCConfigurationList section */

/* Begin XCVersionGroup section */
		46140F691BA90CC900E8CCD2 /* PaletV2.xcdatamodeld */ = {
			isa = XCVersionGroup;
			children = (
				46140F6A1BA90CC900E8CCD2 /* PaletV2.xcdatamodel */,
			);
			currentVersion = 46140F6A1BA90CC900E8CCD2 /* PaletV2.xcdatamodel */;
			path = PaletV2.xcdatamodeld;
			sourceTree = "<group>";
			versionGroupType = wrapper.xcdatamodel;
		};
/* End XCVersionGroup section */
	};
	rootObject = 46140F5A1BA90CC900E8CCD2 /* Project object */;
}
